
Microsoft Visual Studio Solution File, Format Version 12.00
# Visual Studio Version 17
VisualStudioVersion = 17.6.33829.357
MinimumVisualStudioVersion = 10.0.40219.1
Project("{FAE04EC0-301F-11D3-BF4B-00C04F79EFBC}") = "JokesWebApp", "JokesWebApp.csproj", "{1005FB99-15AB-4F88-A109-389B43E0B526}"
EndProject
Global
	GlobalSection(SolutionConfigurationPlatforms) = preSolution
		Debug|Any CPU = Debug|Any CPU
		Release|Any CPU = Release|Any CPU
	EndGlobalSection
	GlobalSection(ProjectConfigurationPlatforms) = postSolution
		{1005FB99-15AB-4F88-A109-389B43E0B526}.Debug|Any CPU.ActiveCfg = Debug|Any CPU
		{1005FB99-15AB-4F88-A109-389B43E0B526}.Debug|Any CPU.Build.0 = Debug|Any CPU
		{1005FB99-15AB-4F88-A109-389B43E0B526}.Release|Any CPU.ActiveCfg = Release|Any CPU
		{1005FB99-15AB-4F88-A109-389B43E0B526}.Release|Any CPU.Build.0 = Release|Any CPU
	EndGlobalSection
	GlobalSection(SolutionProperties) = preSolution
		HideSolutionNode = FALSE
	EndGlobalSection
	GlobalSection(ExtensibilityGlobals) = postSolution
		SolutionGuid = {555CC7DD-35B3-45DB-8AE9-8AFB101A566E}
	EndGlobalSection
EndGlobal
